
Microsoft Visual Studio Solution File, Format Version 12.00
# Visual Studio Version 16
VisualStudioVersion = 16.0.31729.503
MinimumVisualStudioVersion = 10.0.40219.1
Project("{9A19103F-16F7-4668-BE54-9A1E7A4F7556}") = "ReversiBase", "ReversiBase\ReversiBase.csproj", "{1A6BBB19-AB64-49DC-A78F-6BF2C8772449}"
EndProject
Project("{FAE04EC0-301F-11D3-BF4B-00C04F79EFBC}") = "ReversiUI", "ReversiUI\ReversiUI.csproj", "{DBEE343A-4242-46A8-901C-383A5F16F992}"
EndProject
Project("{FAE04EC0-301F-11D3-BF4B-00C04F79EFBC}") = "ReversiAI", "ReversiAI\ReversiAI.csproj", "{660C578E-B79E-4ADA-90EB-3B871992DA1D}"
EndProject
Global
	GlobalSection(SolutionConfigurationPlatforms) = preSolution
		Debug|Any CPU = Debug|Any CPU
		Release|Any CPU = Release|Any CPU
	EndGlobalSection
	GlobalSection(ProjectConfigurationPlatforms) = postSolution
		{1A6BBB19-AB64-49DC-A78F-6BF2C8772449}.Debug|Any CPU.ActiveCfg = Debug|Any CPU
		{1A6BBB19-AB64-49DC-A78F-6BF2C8772449}.Debug|Any CPU.Build.0 = Debug|Any CPU
		{1A6BBB19-AB64-49DC-A78F-6BF2C8772449}.Release|Any CPU.ActiveCfg = Release|Any CPU
		{1A6BBB19-AB64-49DC-A78F-6BF2C8772449}.Release|Any CPU.Build.0 = Release|Any CPU
		{DBEE343A-4242-46A8-901C-383A5F16F992}.Debug|Any CPU.ActiveCfg = Debug|Any CPU
		{DBEE343A-4242-46A8-901C-383A5F16F992}.Debug|Any CPU.Build.0 = Debug|Any CPU
		{DBEE343A-4242-46A8-901C-383A5F16F992}.Release|Any CPU.ActiveCfg = Release|Any CPU
		{DBEE343A-4242-46A8-901C-383A5F16F992}.Release|Any CPU.Build.0 = Release|Any CPU
		{660C578E-B79E-4ADA-90EB-3B871992DA1D}.Debug|Any CPU.ActiveCfg = Debug|Any CPU
		{660C578E-B79E-4ADA-90EB-3B871992DA1D}.Debug|Any CPU.Build.0 = Debug|Any CPU
		{660C578E-B79E-4ADA-90EB-3B871992DA1D}.Release|Any CPU.ActiveCfg = Release|Any CPU
		{660C578E-B79E-4ADA-90EB-3B871992DA1D}.Release|Any CPU.Build.0 = Release|Any CPU
	EndGlobalSection
	GlobalSection(SolutionProperties) = preSolution
		HideSolutionNode = FALSE
	EndGlobalSection
	GlobalSection(ExtensibilityGlobals) = postSolution
		SolutionGuid = {9DCCB0BF-9492-4F97-8EB4-94F3397B3229}
	EndGlobalSection
EndGlobal
